
Microsoft Visual Studio Solution File, Format Version 12.00
# Visual Studio Version 17
VisualStudioVersion = 17.9.34714.143
MinimumVisualStudioVersion = 10.0.40219.1
Project("{9A19103F-16F7-4668-BE54-9A1E7A4F7556}") = "Cystal Colector", "Cystal Colector\Cystal Colector.csproj", "{720ACCD3-C956-4C16-B428-9AF400630E62}"
EndProject
Project("{9A19103F-16F7-4668-BE54-9A1E7A4F7556}") = "Classes", "ClassLibrary1\Classes.csproj", "{F821E4AA-7D7A-4FA4-8423-B52442FCF66E}"
EndProject
Project("{FAE04EC0-301F-11D3-BF4B-00C04F79EFBC}") = "UnitTesting", "UnitTesting\UnitTesting.csproj", "{00845B75-CCB0-4206-84F0-04DF2EC34924}"
EndProject
Global
	GlobalSection(SolutionConfigurationPlatforms) = preSolution
		Debug|Any CPU = Debug|Any CPU
		Release|Any CPU = Release|Any CPU
	EndGlobalSection
	GlobalSection(ProjectConfigurationPlatforms) = postSolution
		{720ACCD3-C956-4C16-B428-9AF400630E62}.Debug|Any CPU.ActiveCfg = Debug|Any CPU
		{720ACCD3-C956-4C16-B428-9AF400630E62}.Debug|Any CPU.Build.0 = Debug|Any CPU
		{720ACCD3-C956-4C16-B428-9AF400630E62}.Release|Any CPU.ActiveCfg = Release|Any CPU
		{720ACCD3-C956-4C16-B428-9AF400630E62}.Release|Any CPU.Build.0 = Release|Any CPU
		{F821E4AA-7D7A-4FA4-8423-B52442FCF66E}.Debug|Any CPU.ActiveCfg = Debug|Any CPU
		{F821E4AA-7D7A-4FA4-8423-B52442FCF66E}.Debug|Any CPU.Build.0 = Debug|Any CPU
		{F821E4AA-7D7A-4FA4-8423-B52442FCF66E}.Release|Any CPU.ActiveCfg = Release|Any CPU
		{F821E4AA-7D7A-4FA4-8423-B52442FCF66E}.Release|Any CPU.Build.0 = Release|Any CPU
		{00845B75-CCB0-4206-84F0-04DF2EC34924}.Debug|Any CPU.ActiveCfg = Debug|Any CPU
		{00845B75-CCB0-4206-84F0-04DF2EC34924}.Debug|Any CPU.Build.0 = Debug|Any CPU
		{00845B75-CCB0-4206-84F0-04DF2EC34924}.Release|Any CPU.ActiveCfg = Release|Any CPU
		{00845B75-CCB0-4206-84F0-04DF2EC34924}.Release|Any CPU.Build.0 = Release|Any CPU
	EndGlobalSection
	GlobalSection(SolutionProperties) = preSolution
		HideSolutionNode = FALSE
	EndGlobalSection
	GlobalSection(ExtensibilityGlobals) = postSolution
		SolutionGuid = {7F73CE08-54BE-4A7D-9D0E-952A89FFCEAE}
	EndGlobalSection
EndGlobal
